
Microsoft Visual Studio Solution File, Format Version 12.00
# Visual Studio 15
VisualStudioVersion = 15.0.27004.2005
MinimumVisualStudioVersion = 10.0.40219.1
Project("{FAE04EC0-301F-11D3-BF4B-00C04F79EFBC}") = "CSharpLibrary", "CSharpLibrary\CSharpLibrary.csproj", "{78C9BF75-E41F-433D-8B64-E7B2FC0AE90C}"
EndProject
Project("{FAE04EC0-301F-11D3-BF4B-00C04F79EFBC}") = "0.01_Intro", "0.01_Intro\0.01_Intro.csproj", "{7D13B729-663C-43F0-A232-98D8DA8DA862}"
EndProject
Project("{FAE04EC0-301F-11D3-BF4B-00C04F79EFBC}") = "0.02_BasicTypes", "0.02_BasicTypes\0.02_BasicTypes.csproj", "{586DB9FB-81B4-486E-8D97-7F6F588C6190}"
EndProject
Project("{FAE04EC0-301F-11D3-BF4B-00C04F79EFBC}") = "0.02_BasicTypesChallenges", "0.02_BasicTypesChallenges\0.02_BasicTypesChallenges.csproj", "{CAF44194-425B-4AB9-B91F-CB657EA7CB0A}"
EndProject
Project("{FAE04EC0-301F-11D3-BF4B-00C04F79EFBC}") = "0.03_Strings", "0.03_Strings\0.03_Strings.csproj", "{A318CBC2-1917-45E8-A1E4-FD0D9996ADA7}"
EndProject
Project("{FAE04EC0-301F-11D3-BF4B-00C04F79EFBC}") = "0.03_StringsChallenge", "0.03_StringsChallenge\0.03_StringsChallenge.csproj", "{64151BBF-86CD-4BFC-81E0-C0C1D391020F}"
EndProject
Project("{FAE04EC0-301F-11D3-BF4B-00C04F79EFBC}") = "0.04_Conditionals", "0.04_Conditionals\0.04_Conditionals.csproj", "{C6AD546D-C9E8-4743-B548-F86A0AECE1FA}"
EndProject
Project("{FAE04EC0-301F-11D3-BF4B-00C04F79EFBC}") = "0.05_SwitchCase", "0.05_SwitchCase\0.05_SwitchCase.csproj", "{4116510D-584C-4AE8-AD8A-03AD95396722}"
EndProject
Project("{FAE04EC0-301F-11D3-BF4B-00C04F79EFBC}") = "0.06_For_Loops", "0.06_For_Loops\0.06_For_Loops.csproj", "{300D4F91-DC3F-4F88-8BBC-11259F5AD60F}"
EndProject
Project("{FAE04EC0-301F-11D3-BF4B-00C04F79EFBC}") = "0.07_Objects", "0.07_Objects\0.07_Objects.csproj", "{399013E7-A200-46BD-8723-A3C0D00E6FCC}"
EndProject
Project("{FAE04EC0-301F-11D3-BF4B-00C04F79EFBC}") = "0.08_Objects_Challenges", "0.08_Objects_Challenges\0.08_Objects_Challenges.csproj", "{D6743AE8-ECA0-409C-A6BD-5C755096D403}"
EndProject
Project("{FAE04EC0-301F-11D3-BF4B-00C04F79EFBC}") = "0.08_ArraysChallenge", "0.08_ArraysChallenge\0.08_ArraysChallenge.csproj", "{8BD6A6FD-A372-486F-ACCF-D4BE1C7D0A90}"
EndProject
Project("{FAE04EC0-301F-11D3-BF4B-00C04F79EFBC}") = "0.08_CollectionsDictionaries", "0.09_CollectionsDictionaries\0.08_CollectionsDictionaries.csproj", "{F5EF506E-3B8B-4419-9E12-A7D8ADA589BB}"
EndProject
Project("{FAE04EC0-301F-11D3-BF4B-00C04F79EFBC}") = "0.09_Constructors", "0.09_Constructors\0.09_Constructors.csproj", "{1B4CD708-BAE7-4118-B7B5-EA076FC000D8}"
EndProject
Project("{FAE04EC0-301F-11D3-BF4B-00C04F79EFBC}") = "0.10_ConstructorChallenge", "0.10_ConstructorChallenge\0.10_ConstructorChallenge.csproj", "{A289DB86-1165-4ACE-9BAA-C2F7422521F9}"
EndProject
Project("{FAE04EC0-301F-11D3-BF4B-00C04F79EFBC}") = "0.10_OOP_Game", "0.10_OOP_Game\0.10_OOP_Game.csproj", "{CFD076C4-1604-44EC-85D1-FD075DB8E825}"
EndProject
Project("{FAE04EC0-301F-11D3-BF4B-00C04F79EFBC}") = "0.11_OOP_Game_BulidAlong", "0.11_OOP_Game_BulidAlong\0.11_OOP_Game_BulidAlong.csproj", "{E20B941F-8E5D-48B4-AA22-567EC4326FC1}"
EndProject
Project("{FAE04EC0-301F-11D3-BF4B-00C04F79EFBC}") = "0.12_MethodsOverloading", "0.12_MethodsOverloading\0.12_MethodsOverloading.csproj", "{532BC953-52B7-4603-8CC5-A2060B792EE1}"
EndProject
Global
	GlobalSection(SolutionConfigurationPlatforms) = preSolution
		Debug|Any CPU = Debug|Any CPU
		Release|Any CPU = Release|Any CPU
	EndGlobalSection
	GlobalSection(ProjectConfigurationPlatforms) = postSolution
		{78C9BF75-E41F-433D-8B64-E7B2FC0AE90C}.Debug|Any CPU.ActiveCfg = Debug|Any CPU
		{78C9BF75-E41F-433D-8B64-E7B2FC0AE90C}.Debug|Any CPU.Build.0 = Debug|Any CPU
		{78C9BF75-E41F-433D-8B64-E7B2FC0AE90C}.Release|Any CPU.ActiveCfg = Release|Any CPU
		{78C9BF75-E41F-433D-8B64-E7B2FC0AE90C}.Release|Any CPU.Build.0 = Release|Any CPU
		{7D13B729-663C-43F0-A232-98D8DA8DA862}.Debug|Any CPU.ActiveCfg = Debug|Any CPU
		{7D13B729-663C-43F0-A232-98D8DA8DA862}.Debug|Any CPU.Build.0 = Debug|Any CPU
		{7D13B729-663C-43F0-A232-98D8DA8DA862}.Release|Any CPU.ActiveCfg = Release|Any CPU
		{7D13B729-663C-43F0-A232-98D8DA8DA862}.Release|Any CPU.Build.0 = Release|Any CPU
		{586DB9FB-81B4-486E-8D97-7F6F588C6190}.Debug|Any CPU.ActiveCfg = Debug|Any CPU
		{586DB9FB-81B4-486E-8D97-7F6F588C6190}.Debug|Any CPU.Build.0 = Debug|Any CPU
		{586DB9FB-81B4-486E-8D97-7F6F588C6190}.Release|Any CPU.ActiveCfg = Release|Any CPU
		{586DB9FB-81B4-486E-8D97-7F6F588C6190}.Release|Any CPU.Build.0 = Release|Any CPU
		{CAF44194-425B-4AB9-B91F-CB657EA7CB0A}.Debug|Any CPU.ActiveCfg = Debug|Any CPU
		{CAF44194-425B-4AB9-B91F-CB657EA7CB0A}.Debug|Any CPU.Build.0 = Debug|Any CPU
		{CAF44194-425B-4AB9-B91F-CB657EA7CB0A}.Release|Any CPU.ActiveCfg = Release|Any CPU
		{CAF44194-425B-4AB9-B91F-CB657EA7CB0A}.Release|Any CPU.Build.0 = Release|Any CPU
		{A318CBC2-1917-45E8-A1E4-FD0D9996ADA7}.Debug|Any CPU.ActiveCfg = Debug|Any CPU
		{A318CBC2-1917-45E8-A1E4-FD0D9996ADA7}.Debug|Any CPU.Build.0 = Debug|Any CPU
		{A318CBC2-1917-45E8-A1E4-FD0D9996ADA7}.Release|Any CPU.ActiveCfg = Release|Any CPU
		{A318CBC2-1917-45E8-A1E4-FD0D9996ADA7}.Release|Any CPU.Build.0 = Release|Any CPU
		{64151BBF-86CD-4BFC-81E0-C0C1D391020F}.Debug|Any CPU.ActiveCfg = Debug|Any CPU
		{64151BBF-86CD-4BFC-81E0-C0C1D391020F}.Debug|Any CPU.Build.0 = Debug|Any CPU
		{64151BBF-86CD-4BFC-81E0-C0C1D391020F}.Release|Any CPU.ActiveCfg = Release|Any CPU
		{64151BBF-86CD-4BFC-81E0-C0C1D391020F}.Release|Any CPU.Build.0 = Release|Any CPU
		{C6AD546D-C9E8-4743-B548-F86A0AECE1FA}.Debug|Any CPU.ActiveCfg = Debug|Any CPU
		{C6AD546D-C9E8-4743-B548-F86A0AECE1FA}.Debug|Any CPU.Build.0 = Debug|Any CPU
		{C6AD546D-C9E8-4743-B548-F86A0AECE1FA}.Release|Any CPU.ActiveCfg = Release|Any CPU
		{C6AD546D-C9E8-4743-B548-F86A0AECE1FA}.Release|Any CPU.Build.0 = Release|Any CPU
		{4116510D-584C-4AE8-AD8A-03AD95396722}.Debug|Any CPU.ActiveCfg = Debug|Any CPU
		{4116510D-584C-4AE8-AD8A-03AD95396722}.Debug|Any CPU.Build.0 = Debug|Any CPU
		{4116510D-584C-4AE8-AD8A-03AD95396722}.Release|Any CPU.ActiveCfg = Release|Any CPU
		{4116510D-584C-4AE8-AD8A-03AD95396722}.Release|Any CPU.Build.0 = Release|Any CPU
		{300D4F91-DC3F-4F88-8BBC-11259F5AD60F}.Debug|Any CPU.ActiveCfg = Debug|Any CPU
		{300D4F91-DC3F-4F88-8BBC-11259F5AD60F}.Debug|Any CPU.Build.0 = Debug|Any CPU
		{300D4F91-DC3F-4F88-8BBC-11259F5AD60F}.Release|Any CPU.ActiveCfg = Release|Any CPU
		{300D4F91-DC3F-4F88-8BBC-11259F5AD60F}.Release|Any CPU.Build.0 = Release|Any CPU
		{399013E7-A200-46BD-8723-A3C0D00E6FCC}.Debug|Any CPU.ActiveCfg = Debug|Any CPU
		{399013E7-A200-46BD-8723-A3C0D00E6FCC}.Debug|Any CPU.Build.0 = Debug|Any CPU
		{399013E7-A200-46BD-8723-A3C0D00E6FCC}.Release|Any CPU.ActiveCfg = Release|Any CPU
		{399013E7-A200-46BD-8723-A3C0D00E6FCC}.Release|Any CPU.Build.0 = Release|Any CPU
		{D6743AE8-ECA0-409C-A6BD-5C755096D403}.Debug|Any CPU.ActiveCfg = Debug|Any CPU
		{D6743AE8-ECA0-409C-A6BD-5C755096D403}.Debug|Any CPU.Build.0 = Debug|Any CPU
		{D6743AE8-ECA0-409C-A6BD-5C755096D403}.Release|Any CPU.ActiveCfg = Release|Any CPU
		{D6743AE8-ECA0-409C-A6BD-5C755096D403}.Release|Any CPU.Build.0 = Release|Any CPU
		{8BD6A6FD-A372-486F-ACCF-D4BE1C7D0A90}.Debug|Any CPU.ActiveCfg = Debug|Any CPU
		{8BD6A6FD-A372-486F-ACCF-D4BE1C7D0A90}.Debug|Any CPU.Build.0 = Debug|Any CPU
		{8BD6A6FD-A372-486F-ACCF-D4BE1C7D0A90}.Release|Any CPU.ActiveCfg = Release|Any CPU
		{8BD6A6FD-A372-486F-ACCF-D4BE1C7D0A90}.Release|Any CPU.Build.0 = Release|Any CPU
		{F5EF506E-3B8B-4419-9E12-A7D8ADA589BB}.Debug|Any CPU.ActiveCfg = Debug|Any CPU
		{F5EF506E-3B8B-4419-9E12-A7D8ADA589BB}.Debug|Any CPU.Build.0 = Debug|Any CPU
		{F5EF506E-3B8B-4419-9E12-A7D8ADA589BB}.Release|Any CPU.ActiveCfg = Release|Any CPU
		{F5EF506E-3B8B-4419-9E12-A7D8ADA589BB}.Release|Any CPU.Build.0 = Release|Any CPU
		{1B4CD708-BAE7-4118-B7B5-EA076FC000D8}.Debug|Any CPU.ActiveCfg = Debug|Any CPU
		{1B4CD708-BAE7-4118-B7B5-EA076FC000D8}.Debug|Any CPU.Build.0 = Debug|Any CPU
		{1B4CD708-BAE7-4118-B7B5-EA076FC000D8}.Release|Any CPU.ActiveCfg = Release|Any CPU
		{1B4CD708-BAE7-4118-B7B5-EA076FC000D8}.Release|Any CPU.Build.0 = Release|Any CPU
		{A289DB86-1165-4ACE-9BAA-C2F7422521F9}.Debug|Any CPU.ActiveCfg = Debug|Any CPU
		{A289DB86-1165-4ACE-9BAA-C2F7422521F9}.Debug|Any CPU.Build.0 = Debug|Any CPU
		{A289DB86-1165-4ACE-9BAA-C2F7422521F9}.Release|Any CPU.ActiveCfg = Release|Any CPU
		{A289DB86-1165-4ACE-9BAA-C2F7422521F9}.Release|Any CPU.Build.0 = Release|Any CPU
		{CFD076C4-1604-44EC-85D1-FD075DB8E825}.Debug|Any CPU.ActiveCfg = Debug|Any CPU
		{CFD076C4-1604-44EC-85D1-FD075DB8E825}.Debug|Any CPU.Build.0 = Debug|Any CPU
		{CFD076C4-1604-44EC-85D1-FD075DB8E825}.Release|Any CPU.ActiveCfg = Release|Any CPU
		{CFD076C4-1604-44EC-85D1-FD075DB8E825}.Release|Any CPU.Build.0 = Release|Any CPU
		{E20B941F-8E5D-48B4-AA22-567EC4326FC1}.Debug|Any CPU.ActiveCfg = Debug|Any CPU
		{E20B941F-8E5D-48B4-AA22-567EC4326FC1}.Debug|Any CPU.Build.0 = Debug|Any CPU
		{E20B941F-8E5D-48B4-AA22-567EC4326FC1}.Release|Any CPU.ActiveCfg = Release|Any CPU
		{E20B941F-8E5D-48B4-AA22-567EC4326FC1}.Release|Any CPU.Build.0 = Release|Any CPU
		{532BC953-52B7-4603-8CC5-A2060B792EE1}.Debug|Any CPU.ActiveCfg = Debug|Any CPU
		{532BC953-52B7-4603-8CC5-A2060B792EE1}.Debug|Any CPU.Build.0 = Debug|Any CPU
		{532BC953-52B7-4603-8CC5-A2060B792EE1}.Release|Any CPU.ActiveCfg = Release|Any CPU
		{532BC953-52B7-4603-8CC5-A2060B792EE1}.Release|Any CPU.Build.0 = Release|Any CPU
	EndGlobalSection
	GlobalSection(SolutionProperties) = preSolution
		HideSolutionNode = FALSE
	EndGlobalSection
	GlobalSection(ExtensibilityGlobals) = postSolution
		SolutionGuid = {84F6D024-2370-4479-91CE-2B7FA462F4E3}
	EndGlobalSection
EndGlobal
